
Microsoft Visual Studio Solution File, Format Version 12.00
# Visual Studio Version 17
VisualStudioVersion = 17.8.34330.188
MinimumVisualStudioVersion = 10.0.40219.1
Project("{FAE04EC0-301F-11D3-BF4B-00C04F79EFBC}") = "TestPathDesigner.App", "TestPathDesigner.App\TestPathDesigner.App.csproj", "{C8FBCB15-527C-42B1-A03D-D3DF6A4AE101}"
EndProject
Global
	GlobalSection(SolutionConfigurationPlatforms) = preSolution
		Debug|Any CPU = Debug|Any CPU
		Release|Any CPU = Release|Any CPU
	EndGlobalSection
	GlobalSection(ProjectConfigurationPlatforms) = postSolution
		{C8FBCB15-527C-42B1-A03D-D3DF6A4AE101}.Debug|Any CPU.ActiveCfg = Debug|Any CPU
		{C8FBCB15-527C-42B1-A03D-D3DF6A4AE101}.Debug|Any CPU.Build.0 = Debug|Any CPU
		{C8FBCB15-527C-42B1-A03D-D3DF6A4AE101}.Release|Any CPU.ActiveCfg = Release|Any CPU
		{C8FBCB15-527C-42B1-A03D-D3DF6A4AE101}.Release|Any CPU.Build.0 = Release|Any CPU
	EndGlobalSection
	GlobalSection(SolutionProperties) = preSolution
		HideSolutionNode = FALSE
	EndGlobalSection
	GlobalSection(ExtensibilityGlobals) = postSolution
		SolutionGuid = {43194CFB-4475-4B51-8694-D5439CC8EA3D}
	EndGlobalSection
EndGlobal
